{
  "name": "jsms-node-example",
  "version": "1.0.0",
  "lockfileVersion": 1,
  "requires": true,
  "dependencies": {
    "@log4js-node/log4js-api": {
      "version": "1.0.2",
      "resolved": "https://registry.npmjs.org/@log4js-node/log4js-api/-/log4js-api-1.0.2.tgz",
      "integrity": "sha512-6SJfx949YEWooh/CUPpJ+F491y4BYJmknz4hUN1+RHvKoUEynKbRmhnwbk/VLmh4OthLLDNCyWXfbh4DG1cTXA=="
    },
    "jsms": {
      "version": "1.0.0-alpha.32",
      "resolved": "https://registry.npmjs.org/jsms/-/jsms-1.0.0-alpha.32.tgz",
      "integrity": "sha512-IPIw+YMLFvmjRDb1xxSIeHG6/GbL3dQjrs39/unvNGZbrrHhKItjOsEWeUVvhhKbkk9g4ey2sElkq23h0yrkkQ==",
      "requires": {
        "@log4js-node/log4js-api": "^1.0.2",
        "uuid": "^3.3.3"
      }
    },
    "uuid": {
      "version": "3.3.3",
      "resolved": "https://registry.npmjs.org/uuid/-/uuid-3.3.3.tgz",
      "integrity": "sha512-pW0No1RGHgzlpHJO1nsVrHKpOEIxkGg1xB+v0ZmdNH5OAeAwzAVrCnI2/6Mtx+Uys6iaylxa+D3g4j63IKKjSQ=="
    }
  }
}
